
Microsoft Visual Studio Solution File, Format Version 12.00
# Visual Studio Version 17
VisualStudioVersion = 17.7.34202.233
MinimumVisualStudioVersion = 10.0.40219.1
Project("{9A19103F-16F7-4668-BE54-9A1E7A4F7556}") = "CommonLibrary", "Common\CommonLibrary\CommonLibrary.csproj", "{9EE53EB2-2552-468E-B184-258051E27CD6}"
EndProject
Project("{9A19103F-16F7-4668-BE54-9A1E7A4F7556}") = "CommonDB.DataBase", "Common\CommonDB.DataBase\CommonDB.DataBase.csproj", "{ECA9233C-4BCD-4820-8AA7-2F7EAB592091}"
EndProject
Project("{9A19103F-16F7-4668-BE54-9A1E7A4F7556}") = "Common.DLL", "Common\Common.DLL\Common.DLL.csproj", "{ABC7D734-C2AA-4BF8-BAD1-25486EEDDE29}"
EndProject
Project("{2150E333-8FDC-42A3-9474-1A3956D46DE8}") = "Common", "Common", "{12488AEA-238C-48E9-83A0-6C8C9EACF1EE}"
EndProject
Project("{9A19103F-16F7-4668-BE54-9A1E7A4F7556}") = "Common.Security", "Common\Security\Common.Security\Common.Security.csproj", "{61D6BB50-E4C9-4DAA-8F78-710031582AAB}"
EndProject
Project("{2150E333-8FDC-42A3-9474-1A3956D46DE8}") = "Security", "Security", "{6ED8966A-EDE0-48E6-837D-42A48411B90E}"
EndProject
Project("{9A19103F-16F7-4668-BE54-9A1E7A4F7556}") = "TableSchemaGenerator", "Common\SchemaGenerator\TableSchemaGenerator\TableSchemaGenerator.csproj", "{77964F5A-33AC-442F-BE1F-B171349FF254}"
EndProject
Project("{2150E333-8FDC-42A3-9474-1A3956D46DE8}") = "SchemaGenerator", "SchemaGenerator", "{0EFE8A70-C334-489B-8C48-0181C37065B5}"
	ProjectSection(SolutionItems) = preProject
		Common\SchemaGenerator\Readme.md = Common\SchemaGenerator\Readme.md
	EndProjectSection
EndProject
Project("{9A19103F-16F7-4668-BE54-9A1E7A4F7556}") = "SchemaGenerator.BaseFactory", "Common\SchemaGenerator\SchemaGenerator.BaseFactory\SchemaGenerator.BaseFactory.csproj", "{0761EB99-44BE-435E-83B2-90514D7A4A42}"
EndProject
Project("{9A19103F-16F7-4668-BE54-9A1E7A4F7556}") = "SchemaGenerator.MSSQL", "Common\SchemaGenerator\SchemaGenerator.MSSQL\SchemaGenerator.MSSQL.csproj", "{F9E43F64-FFC2-4657-81EC-D3A0B9786917}"
EndProject
Project("{9A19103F-16F7-4668-BE54-9A1E7A4F7556}") = "SourceReader.SDM", "Common\SchemaGenerator\DocumentReader.SDM\SourceReader.SDM.csproj", "{D0A87DC8-00E3-4C45-8F27-35470BA87F6C}"
EndProject
Project("{9A19103F-16F7-4668-BE54-9A1E7A4F7556}") = "NUnitTestDDLGenerator", "TestProject\NUnitTestDDLGenerator\NUnitTestDDLGenerator.csproj", "{195C3D25-AF7F-4FD7-982E-79A10FFDC375}"
EndProject
Project("{2150E333-8FDC-42A3-9474-1A3956D46DE8}") = "TestProject", "TestProject", "{2C9478AC-9BC8-4152-82BE-8E047AD6A93A}"
EndProject
Project("{9A19103F-16F7-4668-BE54-9A1E7A4F7556}") = "SourceReader.TableSchema", "Common\SchemaGenerator\SourceReader.TableSchema\SourceReader.TableSchema.csproj", "{7151A0E6-D2C5-438E-B78F-49B2BC17C87E}"
EndProject
Project("{9A19103F-16F7-4668-BE54-9A1E7A4F7556}") = "SchemaGenerator.MYSQL", "Common\SchemaGenerator\SchemaGenerator.MYSQL\SchemaGenerator.MYSQL.csproj", "{88BD37C8-68E6-4D61-A5D7-74989453DACA}"
EndProject
Project("{9A19103F-16F7-4668-BE54-9A1E7A4F7556}") = "SchemaGenerator.MSAzureSynapse", "Common\SchemaGenerator\SchemaGenerator.MSAzureSynapse\SchemaGenerator.MSAzureSynapse.csproj", "{75EFD667-0889-455B-AE2F-117CA3B02CCA}"
EndProject
Project("{9A19103F-16F7-4668-BE54-9A1E7A4F7556}") = "SchemaGenerator.Oracle", "Common\SchemaGenerator\SchemaGenerator.Oracle\SchemaGenerator.Oracle.csproj", "{97965D0A-686A-4358-AF50-254D65BCCBE5}"
EndProject
Project("{FAE04EC0-301F-11D3-BF4B-00C04F79EFBC}") = "SchemaGenerator.MSAzureSynapseForSDI", "Common\SchemaGenerator\SchemaGenerator.MSAzureSynapse_ForSDI\SchemaGenerator.MSAzureSynapseForSDI.csproj", "{90C66913-DE93-4876-8EF4-C37917ED3AF9}"
EndProject
Global
	GlobalSection(SolutionConfigurationPlatforms) = preSolution
		Debug|Any CPU = Debug|Any CPU
		Release|Any CPU = Release|Any CPU
	EndGlobalSection
	GlobalSection(ProjectConfigurationPlatforms) = postSolution
		{9EE53EB2-2552-468E-B184-258051E27CD6}.Debug|Any CPU.ActiveCfg = Debug|Any CPU
		{9EE53EB2-2552-468E-B184-258051E27CD6}.Debug|Any CPU.Build.0 = Debug|Any CPU
		{9EE53EB2-2552-468E-B184-258051E27CD6}.Release|Any CPU.ActiveCfg = Release|Any CPU
		{9EE53EB2-2552-468E-B184-258051E27CD6}.Release|Any CPU.Build.0 = Release|Any CPU
		{ECA9233C-4BCD-4820-8AA7-2F7EAB592091}.Debug|Any CPU.ActiveCfg = Debug|Any CPU
		{ECA9233C-4BCD-4820-8AA7-2F7EAB592091}.Debug|Any CPU.Build.0 = Debug|Any CPU
		{ECA9233C-4BCD-4820-8AA7-2F7EAB592091}.Release|Any CPU.ActiveCfg = Release|Any CPU
		{ECA9233C-4BCD-4820-8AA7-2F7EAB592091}.Release|Any CPU.Build.0 = Release|Any CPU
		{ABC7D734-C2AA-4BF8-BAD1-25486EEDDE29}.Debug|Any CPU.ActiveCfg = Debug|Any CPU
		{ABC7D734-C2AA-4BF8-BAD1-25486EEDDE29}.Debug|Any CPU.Build.0 = Debug|Any CPU
		{ABC7D734-C2AA-4BF8-BAD1-25486EEDDE29}.Release|Any CPU.ActiveCfg = Release|Any CPU
		{ABC7D734-C2AA-4BF8-BAD1-25486EEDDE29}.Release|Any CPU.Build.0 = Release|Any CPU
		{61D6BB50-E4C9-4DAA-8F78-710031582AAB}.Debug|Any CPU.ActiveCfg = Debug|Any CPU
		{61D6BB50-E4C9-4DAA-8F78-710031582AAB}.Debug|Any CPU.Build.0 = Debug|Any CPU
		{61D6BB50-E4C9-4DAA-8F78-710031582AAB}.Release|Any CPU.ActiveCfg = Release|Any CPU
		{61D6BB50-E4C9-4DAA-8F78-710031582AAB}.Release|Any CPU.Build.0 = Release|Any CPU
		{77964F5A-33AC-442F-BE1F-B171349FF254}.Debug|Any CPU.ActiveCfg = Debug|Any CPU
		{77964F5A-33AC-442F-BE1F-B171349FF254}.Debug|Any CPU.Build.0 = Debug|Any CPU
		{77964F5A-33AC-442F-BE1F-B171349FF254}.Release|Any CPU.ActiveCfg = Release|Any CPU
		{77964F5A-33AC-442F-BE1F-B171349FF254}.Release|Any CPU.Build.0 = Release|Any CPU
		{0761EB99-44BE-435E-83B2-90514D7A4A42}.Debug|Any CPU.ActiveCfg = Debug|Any CPU
		{0761EB99-44BE-435E-83B2-90514D7A4A42}.Debug|Any CPU.Build.0 = Debug|Any CPU
		{0761EB99-44BE-435E-83B2-90514D7A4A42}.Release|Any CPU.ActiveCfg = Release|Any CPU
		{0761EB99-44BE-435E-83B2-90514D7A4A42}.Release|Any CPU.Build.0 = Release|Any CPU
		{F9E43F64-FFC2-4657-81EC-D3A0B9786917}.Debug|Any CPU.ActiveCfg = Debug|Any CPU
		{F9E43F64-FFC2-4657-81EC-D3A0B9786917}.Debug|Any CPU.Build.0 = Debug|Any CPU
		{F9E43F64-FFC2-4657-81EC-D3A0B9786917}.Release|Any CPU.ActiveCfg = Release|Any CPU
		{F9E43F64-FFC2-4657-81EC-D3A0B9786917}.Release|Any CPU.Build.0 = Release|Any CPU
		{D0A87DC8-00E3-4C45-8F27-35470BA87F6C}.Debug|Any CPU.ActiveCfg = Debug|Any CPU
		{D0A87DC8-00E3-4C45-8F27-35470BA87F6C}.Debug|Any CPU.Build.0 = Debug|Any CPU
		{D0A87DC8-00E3-4C45-8F27-35470BA87F6C}.Release|Any CPU.ActiveCfg = Release|Any CPU
		{D0A87DC8-00E3-4C45-8F27-35470BA87F6C}.Release|Any CPU.Build.0 = Release|Any CPU
		{195C3D25-AF7F-4FD7-982E-79A10FFDC375}.Debug|Any CPU.ActiveCfg = Debug|Any CPU
		{195C3D25-AF7F-4FD7-982E-79A10FFDC375}.Debug|Any CPU.Build.0 = Debug|Any CPU
		{195C3D25-AF7F-4FD7-982E-79A10FFDC375}.Release|Any CPU.ActiveCfg = Release|Any CPU
		{195C3D25-AF7F-4FD7-982E-79A10FFDC375}.Release|Any CPU.Build.0 = Release|Any CPU
		{7151A0E6-D2C5-438E-B78F-49B2BC17C87E}.Debug|Any CPU.ActiveCfg = Debug|Any CPU
		{7151A0E6-D2C5-438E-B78F-49B2BC17C87E}.Debug|Any CPU.Build.0 = Debug|Any CPU
		{7151A0E6-D2C5-438E-B78F-49B2BC17C87E}.Release|Any CPU.ActiveCfg = Release|Any CPU
		{7151A0E6-D2C5-438E-B78F-49B2BC17C87E}.Release|Any CPU.Build.0 = Release|Any CPU
		{88BD37C8-68E6-4D61-A5D7-74989453DACA}.Debug|Any CPU.ActiveCfg = Debug|Any CPU
		{88BD37C8-68E6-4D61-A5D7-74989453DACA}.Debug|Any CPU.Build.0 = Debug|Any CPU
		{88BD37C8-68E6-4D61-A5D7-74989453DACA}.Release|Any CPU.ActiveCfg = Release|Any CPU
		{88BD37C8-68E6-4D61-A5D7-74989453DACA}.Release|Any CPU.Build.0 = Release|Any CPU
		{75EFD667-0889-455B-AE2F-117CA3B02CCA}.Debug|Any CPU.ActiveCfg = Debug|Any CPU
		{75EFD667-0889-455B-AE2F-117CA3B02CCA}.Debug|Any CPU.Build.0 = Debug|Any CPU
		{75EFD667-0889-455B-AE2F-117CA3B02CCA}.Release|Any CPU.ActiveCfg = Release|Any CPU
		{75EFD667-0889-455B-AE2F-117CA3B02CCA}.Release|Any CPU.Build.0 = Release|Any CPU
		{97965D0A-686A-4358-AF50-254D65BCCBE5}.Debug|Any CPU.ActiveCfg = Debug|Any CPU
		{97965D0A-686A-4358-AF50-254D65BCCBE5}.Debug|Any CPU.Build.0 = Debug|Any CPU
		{97965D0A-686A-4358-AF50-254D65BCCBE5}.Release|Any CPU.ActiveCfg = Release|Any CPU
		{97965D0A-686A-4358-AF50-254D65BCCBE5}.Release|Any CPU.Build.0 = Release|Any CPU
		{90C66913-DE93-4876-8EF4-C37917ED3AF9}.Debug|Any CPU.ActiveCfg = Debug|Any CPU
		{90C66913-DE93-4876-8EF4-C37917ED3AF9}.Debug|Any CPU.Build.0 = Debug|Any CPU
		{90C66913-DE93-4876-8EF4-C37917ED3AF9}.Release|Any CPU.ActiveCfg = Release|Any CPU
		{90C66913-DE93-4876-8EF4-C37917ED3AF9}.Release|Any CPU.Build.0 = Release|Any CPU
	EndGlobalSection
	GlobalSection(SolutionProperties) = preSolution
		HideSolutionNode = FALSE
	EndGlobalSection
	GlobalSection(NestedProjects) = preSolution
		{9EE53EB2-2552-468E-B184-258051E27CD6} = {12488AEA-238C-48E9-83A0-6C8C9EACF1EE}
		{ECA9233C-4BCD-4820-8AA7-2F7EAB592091} = {12488AEA-238C-48E9-83A0-6C8C9EACF1EE}
		{ABC7D734-C2AA-4BF8-BAD1-25486EEDDE29} = {12488AEA-238C-48E9-83A0-6C8C9EACF1EE}
		{61D6BB50-E4C9-4DAA-8F78-710031582AAB} = {6ED8966A-EDE0-48E6-837D-42A48411B90E}
		{6ED8966A-EDE0-48E6-837D-42A48411B90E} = {12488AEA-238C-48E9-83A0-6C8C9EACF1EE}
		{77964F5A-33AC-442F-BE1F-B171349FF254} = {0EFE8A70-C334-489B-8C48-0181C37065B5}
		{0EFE8A70-C334-489B-8C48-0181C37065B5} = {12488AEA-238C-48E9-83A0-6C8C9EACF1EE}
		{0761EB99-44BE-435E-83B2-90514D7A4A42} = {0EFE8A70-C334-489B-8C48-0181C37065B5}
		{F9E43F64-FFC2-4657-81EC-D3A0B9786917} = {0EFE8A70-C334-489B-8C48-0181C37065B5}
		{D0A87DC8-00E3-4C45-8F27-35470BA87F6C} = {0EFE8A70-C334-489B-8C48-0181C37065B5}
		{195C3D25-AF7F-4FD7-982E-79A10FFDC375} = {2C9478AC-9BC8-4152-82BE-8E047AD6A93A}
		{7151A0E6-D2C5-438E-B78F-49B2BC17C87E} = {0EFE8A70-C334-489B-8C48-0181C37065B5}
		{88BD37C8-68E6-4D61-A5D7-74989453DACA} = {0EFE8A70-C334-489B-8C48-0181C37065B5}
		{75EFD667-0889-455B-AE2F-117CA3B02CCA} = {0EFE8A70-C334-489B-8C48-0181C37065B5}
		{97965D0A-686A-4358-AF50-254D65BCCBE5} = {0EFE8A70-C334-489B-8C48-0181C37065B5}
		{90C66913-DE93-4876-8EF4-C37917ED3AF9} = {0EFE8A70-C334-489B-8C48-0181C37065B5}
	EndGlobalSection
	GlobalSection(ExtensibilityGlobals) = postSolution
		SolutionGuid = {F48E7B66-EEEC-4CE1-BC85-FA876A91382C}
	EndGlobalSection
EndGlobal
